
Microsoft Visual Studio Solution File, Format Version 12.00
# Visual Studio Version 17
VisualStudioVersion = 17.11.35222.181
MinimumVisualStudioVersion = 10.0.40219.1
Project("{FAE04EC0-301F-11D3-BF4B-00C04F79EFBC}") = "DB_LAB_03", "DB_LAB_03.csproj", "{8DB3006E-85AC-452B-B084-0F34E847554F}"
EndProject
Global
	GlobalSection(SolutionConfigurationPlatforms) = preSolution
		Debug|Any CPU = Debug|Any CPU
		Release|Any CPU = Release|Any CPU
	EndGlobalSection
	GlobalSection(ProjectConfigurationPlatforms) = postSolution
		{8DB3006E-85AC-452B-B084-0F34E847554F}.Debug|Any CPU.ActiveCfg = Debug|Any CPU
		{8DB3006E-85AC-452B-B084-0F34E847554F}.Debug|Any CPU.Build.0 = Debug|Any CPU
		{8DB3006E-85AC-452B-B084-0F34E847554F}.Release|Any CPU.ActiveCfg = Release|Any CPU
		{8DB3006E-85AC-452B-B084-0F34E847554F}.Release|Any CPU.Build.0 = Release|Any CPU
	EndGlobalSection
	GlobalSection(SolutionProperties) = preSolution
		HideSolutionNode = FALSE
	EndGlobalSection
	GlobalSection(ExtensibilityGlobals) = postSolution
		SolutionGuid = {137F4A5C-58EC-4B6E-85F4-3E3E39AC7B4E}
	EndGlobalSection
EndGlobal
